PODS:
  - Flutter (1.0.0)
  - flutter_secure_storage (6.0.0):
    - Flutter
  - md5_file_checksum (1.0.3):
    - Flutter
  - package_info_plus (0.4.5):
    - Flutter
  - path_provider_foundation (0.0.1):
    - Flutter
    - FlutterMacOS

DEPENDENCIES:
  - Flutter (from `Flutter`)
  - flutter_secure_storage (from `.symlinks/plugins/flutter_secure_storage/ios`)
  - md5_file_checksum (from `.symlinks/plugins/md5_file_checksum/ios`)
  - package_info_plus (from `.symlinks/plugins/package_info_plus/ios`)
  - path_provider_foundation (from `.symlinks/plugins/path_provider_foundation/darwin`)

EXTERNAL SOURCES:
  Flutter:
    :path: Flutter
  flutter_secure_storage:
    :path: ".symlinks/plugins/flutter_secure_storage/ios"
  md5_file_checksum:
    :path: ".symlinks/plugins/md5_file_checksum/ios"
  package_info_plus:
    :path: ".symlinks/plugins/package_info_plus/ios"
  path_provider_foundation:
    :path: ".symlinks/plugins/path_provider_foundation/darwin"

SPEC CHECKSUMS:
  Flutter: f04841e97a9d0b0a8025694d0796dd46242b2854
  flutter_secure_storage: 23fc622d89d073675f2eaa109381aefbcf5a49be
  md5_file_checksum: 2cafda1443902a0f484da20e478dba45d5955318
  package_info_plus: 115f4ad11e0698c8c1c5d8a689390df880f47e85
  path_provider_foundation: 37748e03f12783f9de2cb2c4eadfaa25fe6d4852

PODFILE CHECKSUM: 2e788f56d4d68795d0c323c2d93c6c815809ecde

COCOAPODS: 1.11.3
